
Microsoft Visual Studio Solution File, Format Version 12.00
# Visual Studio Version 17
VisualStudioVersion = 17.10.35027.167
MinimumVisualStudioVersion = 10.0.40219.1
Project("{9A19103F-16F7-4668-BE54-9A1E7A4F7556}") = "Fornecedores.Api", "src\Fornecedores.Api\Fornecedores.Api.csproj", "{141D9B1E-CA1E-403A-B02B-648F5CCA4B55}"
EndProject
Global
	GlobalSection(SolutionConfigurationPlatforms) = preSolution
		Debug|Any CPU = Debug|Any CPU
		Release|Any CPU = Release|Any CPU
	EndGlobalSection
	GlobalSection(ProjectConfigurationPlatforms) = postSolution
		{141D9B1E-CA1E-403A-B02B-648F5CCA4B55}.Debug|Any CPU.ActiveCfg = Debug|Any CPU
		{141D9B1E-CA1E-403A-B02B-648F5CCA4B55}.Debug|Any CPU.Build.0 = Debug|Any CPU
		{141D9B1E-CA1E-403A-B02B-648F5CCA4B55}.Release|Any CPU.ActiveCfg = Release|Any CPU
		{141D9B1E-CA1E-403A-B02B-648F5CCA4B55}.Release|Any CPU.Build.0 = Release|Any CPU
	EndGlobalSection
	GlobalSection(SolutionProperties) = preSolution
		HideSolutionNode = FALSE
	EndGlobalSection
	GlobalSection(ExtensibilityGlobals) = postSolution
		SolutionGuid = {57BB7C22-A572-407C-B0E0-911E941995FB}
	EndGlobalSection
EndGlobal
